
Microsoft Visual Studio Solution File, Format Version 12.00
# Visual Studio 15
VisualStudioVersion = 15.0.28307.757
MinimumVisualStudioVersion = 10.0.40219.1
Project("{FAE04EC0-301F-11D3-BF4B-00C04F79EFBC}") = "Vidly", "Vidly\Vidly.csproj", "{F9243904-F924-4EE7-8148-F8C3B39ECEDE}"
EndProject
Global
	GlobalSection(SolutionConfigurationPlatforms) = preSolution
		Debug|Any CPU = Debug|Any CPU
		Release|Any CPU = Release|Any CPU
	EndGlobalSection
	GlobalSection(ProjectConfigurationPlatforms) = postSolution
		{F9243904-F924-4EE7-8148-F8C3B39ECEDE}.Debug|Any CPU.ActiveCfg = Debug|Any CPU
		{F9243904-F924-4EE7-8148-F8C3B39ECEDE}.Debug|Any CPU.Build.0 = Debug|Any CPU
		{F9243904-F924-4EE7-8148-F8C3B39ECEDE}.Release|Any CPU.ActiveCfg = Release|Any CPU
		{F9243904-F924-4EE7-8148-F8C3B39ECEDE}.Release|Any CPU.Build.0 = Release|Any CPU
	EndGlobalSection
	GlobalSection(SolutionProperties) = preSolution
		HideSolutionNode = FALSE
	EndGlobalSection
	GlobalSection(ExtensibilityGlobals) = postSolution
		SolutionGuid = {129AF3FC-5025-494D-A408-8E5B142F6119}
	EndGlobalSection
EndGlobal
